// !$*UTF8*$!
{
	archiveVersion = 1;
	classes = {
	};
	objectVersion = 56;
	objects = {

/* Begin PBXBuildFile section */
		3A1FEA1229A15C28003C5CA1 /* Note+CoreDataClass.swift in Sources */ = {isa = PBXBuildFile; fileRef = 3A1FEA1029A15C28003C5CA1 /* Note+CoreDataClass.swift */; };
		3A1FEA1329A15C28003C5CA1 /* Note+CoreDataProperties.swift in Sources */ = {isa = PBXBuildFile; fileRef = 3A1FEA1129A15C28003C5CA1 /* Note+CoreDataProperties.swift */; };
		3A1FEA1529A15E0A003C5CA1 /* CoreDataManager.swift in Sources */ = {isa = PBXBuildFile; fileRef = 3A1FEA1429A15E0A003C5CA1 /* CoreDataManager.swift */; };
		3AB1349B299E8C3100FD6FBB /* AppDelegate.swift in Sources */ = {isa = PBXBuildFile; fileRef = 3AB1349A299E8C3100FD6FBB /* AppDelegate.swift */; };
		3AB134A5299E8C3100FD6FBB /* Notes.xcdatamodeld in Sources */ = {isa = PBXBuildFile; fileRef = 3AB134A3299E8C3100FD6FBB /* Notes.xcdatamodeld */; };
		3AB134A7299E8C3400FD6FBB /* Assets.xcassets in Resources */ = {isa = PBXBuildFile; fileRef = 3AB134A6299E8C3400FD6FBB /* Assets.xcassets */; };
		3AB134AA299E8C3400FD6FBB /* LaunchScreen.storyboard in Resources */ = {isa = PBXBuildFile; fileRef = 3AB134A8299E8C3400FD6FBB /* LaunchScreen.storyboard */; };
		3AB134B9299E976900FD6FBB /* NotesListViewController.swift in Sources */ = {isa = PBXBuildFile; fileRef = 3AB134B7299E976900FD6FBB /* NotesListViewController.swift */; };
		3AB134BA299E976900FD6FBB /* NotesListViewController.xib in Resources */ = {isa = PBXBuildFile; fileRef = 3AB134B8299E976900FD6FBB /* NotesListViewController.xib */; };
		3AB134BD299E983D00FD6FBB /* NoteDetailViewController.swift in Sources */ = {isa = PBXBuildFile; fileRef = 3AB134BB299E983D00FD6FBB /* NoteDetailViewController.swift */; };
		3AB134BE299E983D00FD6FBB /* NoteDetailViewController.xib in Resources */ = {isa = PBXBuildFile; fileRef = 3AB134BC299E983D00FD6FBB /* NoteDetailViewController.xib */; };
/* End PBXBuildFile section */

/* Begin PBXFileReference section */
		3A1FEA1029A15C28003C5CA1 /* Note+CoreDataClass.swift */ = {isa = PBXFileReference; lastKnownFileType = sourcecode.swift; path = "Note+CoreDataClass.swift"; sourceTree = "<group>"; };
		3A1FEA1129A15C28003C5CA1 /* Note+CoreDataProperties.swift */ = {isa = PBXFileReference; lastKnownFileType = sourcecode.swift; path = "Note+CoreDataProperties.swift"; sourceTree = "<group>"; };
		3A1FEA1429A15E0A003C5CA1 /* CoreDataManager.swift */ = {isa = PBXFileReference; lastKnownFileType = sourcecode.swift; path = CoreDataManager.swift; sourceTree = "<group>"; };
		3AB13497299E8C3100FD6FBB /* Notes.app */ = {isa = PBXFileReference; explicitFileType = wrapper.application; includeInIndex = 0; path = Notes.app; sourceTree = BUILT_PRODUCTS_DIR; };
		3AB1349A299E8C3100FD6FBB /* AppDelegate.swift */ = {isa = PBXFileReference; lastKnownFileType = sourcecode.swift; path = AppDelegate.swift; sourceTree = "<group>"; };
		3AB134A4299E8C3100FD6FBB /* Notes.xcdatamodel */ = {isa = PBXFileReference; lastKnownFileType = wrapper.xcdatamodel; path = Notes.xcdatamodel; sourceTree = "<group>"; };
		3AB134A6299E8C3400FD6FBB /* Assets.xcassets */ = {isa = PBXFileReference; lastKnownFileType = folder.assetcatalog; path = Assets.xcassets; sourceTree = "<group>"; };
		3AB134A9299E8C3400FD6FBB /* Base */ = {isa = PBXFileReference; lastKnownFileType = file.storyboard; name = Base; path = Base.lproj/LaunchScreen.storyboard; sourceTree = "<group>"; };
		3AB134AB299E8C3400FD6FBB /* Info.plist */ = {isa = PBXFileReference; lastKnownFileType = text.plist.xml; path = Info.plist; sourceTree = "<group>"; };
		3AB134B7299E976900FD6FBB /* NotesListViewController.swift */ = {isa = PBXFileReference; lastKnownFileType = sourcecode.swift; path = NotesListViewController.swift; sourceTree = "<group>"; };
		3AB134B8299E976900FD6FBB /* NotesListViewController.xib */ = {isa = PBXFileReference; lastKnownFileType = file.xib; path = NotesListViewController.xib; sourceTree = "<group>"; };
		3AB134BB299E983D00FD6FBB /* NoteDetailViewController.swift */ = {isa = PBXFileReference; lastKnownFileType = sourcecode.swift; path = NoteDetailViewController.swift; sourceTree = "<group>"; };
		3AB134BC299E983D00FD6FBB /* NoteDetailViewController.xib */ = {isa = PBXFileReference; lastKnownFileType = file.xib; path = NoteDetailViewController.xib; sourceTree = "<group>"; };
/* End PBXFileReference section */

/* Begin PBXFrameworksBuildPhase section */
		3AB13494299E8C3100FD6FBB /* Frameworks */ = {
			isa = PBXFrameworksBuildPhase;
			buildActionMask = 2147483647;
			files = (
			);
			runOnlyForDeploymentPostprocessing = 0;
		};
/* End PBXFrameworksBuildPhase section */

/* Begin PBXGroup section */
		3AB1348E299E8C3100FD6FBB = {
			isa = PBXGroup;
			children = (
				3AB13499299E8C3100FD6FBB /* Notes */,
				3AB13498299E8C3100FD6FBB /* Products */,
			);
			sourceTree = "<group>";
		};
		3AB13498299E8C3100FD6FBB /* Products */ = {
			isa = PBXGroup;
			children = (
				3AB13497299E8C3100FD6FBB /* Notes.app */,
			);
			name = Products;
			sourceTree = "<group>";
		};
		3AB13499299E8C3100FD6FBB /* Notes */ = {
			isa = PBXGroup;
			children = (
				3AB134B3299E954900FD6FBB /* Model */,
				3AB134B4299E955500FD6FBB /* Views */,
				3AB1349A299E8C3100FD6FBB /* AppDelegate.swift */,
				3AB134A6299E8C3400FD6FBB /* Assets.xcassets */,
				3AB134A8299E8C3400FD6FBB /* LaunchScreen.storyboard */,
				3AB134AB299E8C3400FD6FBB /* Info.plist */,
			);
			path = Notes;
			sourceTree = "<group>";
		};
		3AB134B3299E954900FD6FBB /* Model */ = {
			isa = PBXGroup;
			children = (
				3A1FEA1029A15C28003C5CA1 /* Note+CoreDataClass.swift */,
				3A1FEA1129A15C28003C5CA1 /* Note+CoreDataProperties.swift */,
				3AB134A3299E8C3100FD6FBB /* Notes.xcdatamodeld */,
				3A1FEA1429A15E0A003C5CA1 /* CoreDataManager.swift */,
			);
			path = Model;
			sourceTree = "<group>";
		};
		3AB134B4299E955500FD6FBB /* Views */ = {
			isa = PBXGroup;
			children = (
				3AB134B8299E976900FD6FBB /* NotesListViewController.xib */,
				3AB134BB299E983D00FD6FBB /* NoteDetailViewController.swift */,
				3AB134BC299E983D00FD6FBB /* NoteDetailViewController.xib */,
				3AB134B7299E976900FD6FBB /* NotesListViewController.swift */,
			);
			path = Views;
			sourceTree = "<group>";
		};
/* End PBXGroup section */

/* Begin PBXNativeTarget section */
		3AB13496299E8C3100FD6FBB /* Notes */ = {
			isa = PBXNativeTarget;
			buildConfigurationList = 3AB134AE299E8C3400FD6FBB /* Build configuration list for PBXNativeTarget "Notes" */;
			buildPhases = (
				3AB13493299E8C3100FD6FBB /* Sources */,
				3AB13494299E8C3100FD6FBB /* Frameworks */,
				3AB13495299E8C3100FD6FBB /* Resources */,
			);
			buildRules = (
			);
			dependencies = (
			);
			name = Notes;
			productName = Notes;
			productReference = 3AB13497299E8C3100FD6FBB /* Notes.app */;
			productType = "com.apple.product-type.application";
		};
/* End PBXNativeTarget section */

/* Begin PBXProject section */
		3AB1348F299E8C3100FD6FBB /* Project object */ = {
			isa = PBXProject;
			attributes = {
				BuildIndependentTargetsInParallel = 1;
				LastSwiftUpdateCheck = 1420;
				LastUpgradeCheck = 1420;
				TargetAttributes = {
					3AB13496299E8C3100FD6FBB = {
						CreatedOnToolsVersion = 14.2;
					};
				};
			};
			buildConfigurationList = 3AB13492299E8C3100FD6FBB /* Build configuration list for PBXProject "Notes" */;
			compatibilityVersion = "Xcode 14.0";
			developmentRegion = en;
			hasScannedForEncodings = 0;
			knownRegions = (
				en,
				Base,
			);
			mainGroup = 3AB1348E299E8C3100FD6FBB;
			productRefGroup = 3AB13498299E8C3100FD6FBB /* Products */;
			projectDirPath = "";
			projectRoot = "";
			targets = (
				3AB13496299E8C3100FD6FBB /* Notes */,
			);
		};
/* End PBXProject section */

/* Begin PBXResourcesBuildPhase section */
		3AB13495299E8C3100FD6FBB /* Resources */ = {
			isa = PBXResourcesBuildPhase;
			buildActionMask = 2147483647;
			files = (
				3AB134BA299E976900FD6FBB /* NotesListViewController.xib in Resources */,
				3AB134BE299E983D00FD6FBB /* NoteDetailViewController.xib in Resources */,
				3AB134AA299E8C3400FD6FBB /* LaunchScreen.storyboard in Resources */,
				3AB134A7299E8C3400FD6FBB /* Assets.xcassets in Resources */,
			);
			runOnlyForDeploymentPostprocessing = 0;
		};
/* End PBXResourcesBuildPhase section */

/* Begin PBXSourcesBuildPhase section */
		3AB13493299E8C3100FD6FBB /* Sources */ = {
			isa = PBXSourcesBuildPhase;
			buildActionMask = 2147483647;
			files = (
				3AB1349B299E8C3100FD6FBB /* AppDelegate.swift in Sources */,
				3A1FEA1329A15C28003C5CA1 /* Note+CoreDataProperties.swift in Sources */,
				3A1FEA1229A15C28003C5CA1 /* Note+CoreDataClass.swift in Sources */,
				3AB134BD299E983D00FD6FBB /* NoteDetailViewController.swift in Sources */,
				3AB134B9299E976900FD6FBB /* NotesListViewController.swift in Sources */,
				3A1FEA1529A15E0A003C5CA1 /* CoreDataManager.swift in Sources */,
				3AB134A5299E8C3100FD6FBB /* Notes.xcdatamodeld in Sources */,
			);
			runOnlyForDeploymentPostprocessing = 0;
		};
/* End PBXSourcesBuildPhase section */

/* Begin PBXVariantGroup section */
		3AB134A8299E8C3400FD6FBB /* LaunchScreen.storyboard */ = {
			isa = PBXVariantGroup;
			children = (
				3AB134A9299E8C3400FD6FBB /* Base */,
			);
			name = LaunchScreen.storyboard;
			sourceTree = "<group>";
		};
/* End PBXVariantGroup section */

/* Begin XCBuildConfiguration section */
		3AB134AC299E8C3400FD6FBB /* Debug */ = {
			isa = XCBuildConfiguration;
			buildSettings = {
				ALWAYS_SEARCH_USER_PATHS = NO;
				CLANG_ANALYZER_NONNULL = YES;
				CLANG_ANALYZER_NUMBER_OBJECT_CONVERSION = YES_AGGRESSIVE;
				CLANG_CXX_LANGUAGE_STANDARD = "gnu++20";
				CLANG_ENABLE_MODULES = YES;
				CLANG_ENABLE_OBJC_ARC = YES;
				CLANG_ENABLE_OBJC_WEAK = YES;
				CLANG_WARN_BLOCK_CAPTURE_AUTORELEASING = YES;
				CLANG_WARN_BOOL_CONVERSION = YES;
				CLANG_WARN_COMMA = YES;
				CLANG_WARN_CONSTANT_CONVERSION = YES;
				CLANG_WARN_DEPRECATED_OBJC_IMPLEMENTATIONS = YES;
				CLANG_WARN_DIRECT_OBJC_ISA_USAGE = YES_ERROR;
				CLANG_WARN_DOCUMENTATION_COMMENTS = YES;
				CLANG_WARN_EMPTY_BODY = YES;
				CLANG_WARN_ENUM_CONVERSION = YES;
				CLANG_WARN_INFINITE_RECURSION = YES;
				CLANG_WARN_INT_CONVERSION = YES;
				CLANG_WARN_NON_LITERAL_NULL_CONVERSION = YES;
				CLANG_WARN_OBJC_IMPLICIT_RETAIN_SELF = YES;
				CLANG_WARN_OBJC_LITERAL_CONVERSION = YES;
				CLANG_WARN_OBJC_ROOT_CLASS = YES_ERROR;
				CLANG_WARN_QUOTED_INCLUDE_IN_FRAMEWORK_HEADER = YES;
				CLANG_WARN_RANGE_LOOP_ANALYSIS = YES;
				CLANG_WARN_STRICT_PROTOTYPES = YES;
				CLANG_WARN_SUSPICIOUS_MOVE = YES;
				CLANG_WARN_UNGUARDED_AVAILABILITY = YES_AGGRESSIVE;
				CLANG_WARN_UNREACHABLE_CODE = YES;
				CLANG_WARN__DUPLICATE_METHOD_MATCH = YES;
				COPY_PHASE_STRIP = NO;
				DEBUG_INFORMATION_FORMAT = dwarf;
				ENABLE_STRICT_OBJC_MSGSEND = YES;
				ENABLE_TESTABILITY = YES;
				GCC_C_LANGUAGE_STANDARD = gnu11;
				GCC_DYNAMIC_NO_PIC = NO;
				GCC_NO_COMMON_BLOCKS = YES;
				GCC_OPTIMIZATION_LEVEL = 0;
				GCC_PREPROCESSOR_DEFINITIONS = (
					"DEBUG=1",
					"$(inherited)",
				);
				GCC_WARN_64_TO_32_BIT_CONVERSION = YES;
				GCC_WARN_ABOUT_RETURN_TYPE = YES_ERROR;
				GCC_WARN_UNDECLARED_SELECTOR = YES;
				GCC_WARN_UNINITIALIZED_AUTOS = YES_AGGRESSIVE;
				GCC_WARN_UNUSED_FUNCTION = YES;
				GCC_WARN_UNUSED_VARIABLE = YES;
				IPHONEOS_DEPLOYMENT_TARGET = 16.2;
				MTL_ENABLE_DEBUG_INFO = INCLUDE_SOURCE;
				MTL_FAST_MATH = YES;
				ONLY_ACTIVE_ARCH = YES;
				SDKROOT = iphoneos;
				SWIFT_ACTIVE_COMPILATION_CONDITIONS = DEBUG;
				SWIFT_OPTIMIZATION_LEVEL = "-Onone";
			};
			name = Debug;
		};
		3AB134AD299E8C3400FD6FBB /* Release */ = {
			isa = XCBuildConfiguration;
			buildSettings = {
				ALWAYS_SEARCH_USER_PATHS = NO;
				CLANG_ANALYZER_NONNULL = YES;
				CLANG_ANALYZER_NUMBER_OBJECT_CONVERSION = YES_AGGRESSIVE;
				CLANG_CXX_LANGUAGE_STANDARD = "gnu++20";
				CLANG_ENABLE_MODULES = YES;
				CLANG_ENABLE_OBJC_ARC = YES;
				CLANG_ENABLE_OBJC_WEAK = YES;
				CLANG_WARN_BLOCK_CAPTURE_AUTORELEASING = YES;
				CLANG_WARN_BOOL_CONVERSION = YES;
				CLANG_WARN_COMMA = YES;
				CLANG_WARN_CONSTANT_CONVERSION = YES;
				CLANG_WARN_DEPRECATED_OBJC_IMPLEMENTATIONS = YES;
				CLANG_WARN_DIRECT_OBJC_ISA_USAGE = YES_ERROR;
				CLANG_WARN_DOCUMENTATION_COMMENTS = YES;
				CLANG_WARN_EMPTY_BODY = YES;
				CLANG_WARN_ENUM_CONVERSION = YES;
				CLANG_WARN_INFINITE_RECURSION = YES;
				CLANG_WARN_INT_CONVERSION = YES;
				CLANG_WARN_NON_LITERAL_NULL_CONVERSION = YES;
				CLANG_WARN_OBJC_IMPLICIT_RETAIN_SELF = YES;
				CLANG_WARN_OBJC_LITERAL_CONVERSION = YES;
				CLANG_WARN_OBJC_ROOT_CLASS = YES_ERROR;
				CLANG_WARN_QUOTED_INCLUDE_IN_FRAMEWORK_HEADER = YES;
				CLANG_WARN_RANGE_LOOP_ANALYSIS = YES;
				CLANG_WARN_STRICT_PROTOTYPES = YES;
				CLANG_WARN_SUSPICIOUS_MOVE = YES;
				CLANG_WARN_UNGUARDED_AVAILABILITY = YES_AGGRESSIVE;
				CLANG_WARN_UNREACHABLE_CODE = YES;
				CLANG_WARN__DUPLICATE_METHOD_MATCH = YES;
				COPY_PHASE_STRIP = NO;
				DEBUG_INFORMATION_FORMAT = "dwarf-with-dsym";
				ENABLE_NS_ASSERTIONS = NO;
				ENABLE_STRICT_OBJC_MSGSEND = YES;
				GCC_C_LANGUAGE_STANDARD = gnu11;
				GCC_NO_COMMON_BLOCKS = YES;
				GCC_WARN_64_TO_32_BIT_CONVERSION = YES;
				GCC_WARN_ABOUT_RETURN_TYPE = YES_ERROR;
				GCC_WARN_UNDECLARED_SELECTOR = YES;
				GCC_WARN_UNINITIALIZED_AUTOS = YES_AGGRESSIVE;
				GCC_WARN_UNUSED_FUNCTION = YES;
				GCC_WARN_UNUSED_VARIABLE = YES;
				IPHONEOS_DEPLOYMENT_TARGET = 16.2;
				MTL_ENABLE_DEBUG_INFO = NO;
				MTL_FAST_MATH = YES;
				SDKROOT = iphoneos;
				SWIFT_COMPILATION_MODE = wholemodule;
				SWIFT_OPTIMIZATION_LEVEL = "-O";
				VALIDATE_PRODUCT = YES;
			};
			name = Release;
		};
		3AB134AF299E8C3400FD6FBB /* Debug */ = {
			isa = XCBuildConfiguration;
			buildSettings = {
				ASSETCATALOG_COMPILER_APPICON_NAME = AppIcon;
				ASSETCATALOG_COMPILER_GLOBAL_ACCENT_COLOR_NAME = AccentColor;
				CODE_SIGN_STYLE = Automatic;
				CURRENT_PROJECT_VERSION = 1;
				DEVELOPMENT_TEAM = 33DXN54YN7;
				GENERATE_INFOPLIST_FILE = YES;
				INFOPLIST_FILE = Notes/Info.plist;
				INFOPLIST_KEY_UIApplicationSupportsIndirectInputEvents = YES;
				INFOPLIST_KEY_UILaunchStoryboardName = LaunchScreen;
				INFOPLIST_KEY_UISupportedInterfaceOrientations = UIInterfaceOrientationPortrait;
				INFOPLIST_KEY_UISupportedInterfaceOrientations_iPad = "UIInterfaceOrientationLandscapeLeft UIInterfaceOrientationLandscapeRight UIInterfaceOrientationPortrait UIInterfaceOrientationPortraitUpsideDown";
				LD_RUNPATH_SEARCH_PATHS = (
					"$(inherited)",
					"@executable_path/Frameworks",
				);
				MARKETING_VERSION = 1.0;
				PRODUCT_BUNDLE_IDENTIFIER = "Anton-Vorozhischev.Notes";
				PRODUCT_NAME = "$(TARGET_NAME)";
				SWIFT_EMIT_LOC_STRINGS = YES;
				SWIFT_VERSION = 5.0;
				TARGETED_DEVICE_FAMILY = "1,2";
			};
			name = Debug;
		};
		3AB134B0299E8C3400FD6FBB /* Release */ = {
			isa = XCBuildConfiguration;
			buildSettings = {
				ASSETCATALOG_COMPILER_APPICON_NAME = AppIcon;
				ASSETCATALOG_COMPILER_GLOBAL_ACCENT_COLOR_NAME = AccentColor;
				CODE_SIGN_STYLE = Automatic;
				CURRENT_PROJECT_VERSION = 1;
				DEVELOPMENT_TEAM = 33DXN54YN7;
				GENERATE_INFOPLIST_FILE = YES;
				INFOPLIST_FILE = Notes/Info.plist;
				INFOPLIST_KEY_UIApplicationSupportsIndirectInputEvents = YES;
				INFOPLIST_KEY_UILaunchStoryboardName = LaunchScreen;
				INFOPLIST_KEY_UISupportedInterfaceOrientations = UIInterfaceOrientationPortrait;
				INFOPLIST_KEY_UISupportedInterfaceOrientations_iPad = "UIInterfaceOrientationLandscapeLeft UIInterfaceOrientationLandscapeRight UIInterfaceOrientationPortrait UIInterfaceOrientationPortraitUpsideDown";
				LD_RUNPATH_SEARCH_PATHS = (
					"$(inherited)",
					"@executable_path/Frameworks",
				);
				MARKETING_VERSION = 1.0;
				PRODUCT_BUNDLE_IDENTIFIER = "Anton-Vorozhischev.Notes";
				PRODUCT_NAME = "$(TARGET_NAME)";
				SWIFT_EMIT_LOC_STRINGS = YES;
				SWIFT_VERSION = 5.0;
				TARGETED_DEVICE_FAMILY = "1,2";
			};
			name = Release;
		};
/* End XCBuildConfiguration section */

/* Begin XCConfigurationList section */
		3AB13492299E8C3100FD6FBB /* Build configuration list for PBXProject "Notes" */ = {
			isa = XCConfigurationList;
			buildConfigurations = (
				3AB134AC299E8C3400FD6FBB /* Debug */,
				3AB134AD299E8C3400FD6FBB /* Release */,
			);
			defaultConfigurationIsVisible = 0;
			defaultConfigurationName = Release;
		};
		3AB134AE299E8C3400FD6FBB /* Build configuration list for PBXNativeTarget "Notes" */ = {
			isa = XCConfigurationList;
			buildConfigurations = (
				3AB134AF299E8C3400FD6FBB /* Debug */,
				3AB134B0299E8C3400FD6FBB /* Release */,
			);
			defaultConfigurationIsVisible = 0;
			defaultConfigurationName = Release;
		};
/* End XCConfigurationList section */

/* Begin XCVersionGroup section */
		3AB134A3299E8C3100FD6FBB /* Notes.xcdatamodeld */ = {
			isa = XCVersionGroup;
			children = (
				3AB134A4299E8C3100FD6FBB /* Notes.xcdatamodel */,
			);
			currentVersion = 3AB134A4299E8C3100FD6FBB /* Notes.xcdatamodel */;
			path = Notes.xcdatamodeld;
			sourceTree = "<group>";
			versionGroupType = wrapper.xcdatamodel;
		};
/* End XCVersionGroup section */
	};
	rootObject = 3AB1348F299E8C3100FD6FBB /* Project object */;
}
